
Microsoft Visual Studio Solution File, Format Version 12.00
# Visual Studio Version 16
VisualStudioVersion = 16.0.30717.126
MinimumVisualStudioVersion = 10.0.40219.1
Project("{FAE04EC0-301F-11D3-BF4B-00C04F79EFBC}") = "CVposledni.Android", "CVposledni.Android\CVposledni.Android.csproj", "{520019FB-8826-413A-AD8C-F411FEADA405}"
EndProject
Project("{9A19103F-16F7-4668-BE54-9A1E7A4F7556}") = "CV_DavidHanc", "CVposledni\CV_DavidHanc.csproj", "{7EBE1E0E-5BD6-4E94-A6BF-301104A1661E}"
EndProject
Global
	GlobalSection(SolutionConfigurationPlatforms) = preSolution
		Debug|Any CPU = Debug|Any CPU
		Release|Any CPU = Release|Any CPU
	EndGlobalSection
	GlobalSection(ProjectConfigurationPlatforms) = postSolution
		{520019FB-8826-413A-AD8C-F411FEADA405}.Debug|Any CPU.ActiveCfg = Debug|Any CPU
		{520019FB-8826-413A-AD8C-F411FEADA405}.Debug|Any CPU.Build.0 = Debug|Any CPU
		{520019FB-8826-413A-AD8C-F411FEADA405}.Debug|Any CPU.Deploy.0 = Debug|Any CPU
		{520019FB-8826-413A-AD8C-F411FEADA405}.Release|Any CPU.ActiveCfg = Release|Any CPU
		{520019FB-8826-413A-AD8C-F411FEADA405}.Release|Any CPU.Build.0 = Release|Any CPU
		{520019FB-8826-413A-AD8C-F411FEADA405}.Release|Any CPU.Deploy.0 = Release|Any CPU
		{7EBE1E0E-5BD6-4E94-A6BF-301104A1661E}.Debug|Any CPU.ActiveCfg = Debug|Any CPU
		{7EBE1E0E-5BD6-4E94-A6BF-301104A1661E}.Debug|Any CPU.Build.0 = Debug|Any CPU
		{7EBE1E0E-5BD6-4E94-A6BF-301104A1661E}.Debug|Any CPU.Deploy.0 = Debug|Any CPU
		{7EBE1E0E-5BD6-4E94-A6BF-301104A1661E}.Release|Any CPU.ActiveCfg = Release|Any CPU
		{7EBE1E0E-5BD6-4E94-A6BF-301104A1661E}.Release|Any CPU.Build.0 = Release|Any CPU
		{7EBE1E0E-5BD6-4E94-A6BF-301104A1661E}.Release|Any CPU.Deploy.0 = Release|Any CPU
	EndGlobalSection
	GlobalSection(SolutionProperties) = preSolution
		HideSolutionNode = FALSE
	EndGlobalSection
	GlobalSection(ExtensibilityGlobals) = postSolution
		SolutionGuid = {E11B91F8-3B25-49C5-A646-04AF4A82C874}
	EndGlobalSection
EndGlobal
